fl_front_door_lock_lock:
  alias: FL Haustürschloss verriegeln
  sequence:
    #    - service: lock.haustur
    #      metadata: {}
    #      data: {}
    #      target:
    #        entity_id: lock.nuki_haustur_lock
    - action: lock.lock
      metadata: {}
      data: {}
      target:
        entity_id: lock.haustur
  mode: single
  icon: mdi:lock
